
Microsoft Visual Studio Solution File, Format Version 12.00
# Visual Studio 15
VisualStudioVersion = 15.0.28307.102
MinimumVisualStudioVersion = 10.0.40219.1
Project("{FAE04EC0-301F-11D3-BF4B-00C04F79EFBC}") = "Xam.AndroidFontSize.Android", "AppGTest\AppGTest.Android\Xam.AndroidFontSize.Android.csproj", "{0DBA4594-C547-4BD3-99AE-0237685013F5}"
EndProject
Project("{FAE04EC0-301F-11D3-BF4B-00C04F79EFBC}") = "Xam.AndroidFontSize.iOS", "AppGTest\AppGTest.iOS\Xam.AndroidFontSize.iOS.csproj", "{F1C4DBEA-9694-4E03-91D0-C04E7FCAD5B0}"
EndProject
Project("{D954291E-2A0B-460D-934E-DC6B0785DB48}") = "AppGTest", "AppGTest\AppGTest\AppGTest.shproj", "{73DAEC40-C288-447A-AA30-C38FAB559415}"
EndProject
Global
	GlobalSection(SharedMSBuildProjectFiles) = preSolution
		AppGTest\AppGTest\AppGTest.projitems*{0dba4594-c547-4bd3-99ae-0237685013f5}*SharedItemsImports = 4
		AppGTest\AppGTest\AppGTest.projitems*{73daec40-c288-447a-aa30-c38fab559415}*SharedItemsImports = 13
		AppGTest\AppGTest\AppGTest.projitems*{f1c4dbea-9694-4e03-91d0-c04e7fcad5b0}*SharedItemsImports = 4
	EndGlobalSection
	GlobalSection(SolutionConfigurationPlatforms) = preSolution
		Ad-Hoc|Any CPU = Ad-Hoc|Any CPU
		Ad-Hoc|ARM = Ad-Hoc|ARM
		Ad-Hoc|iPhone = Ad-Hoc|iPhone
		Ad-Hoc|iPhoneSimulator = Ad-Hoc|iPhoneSimulator
		Ad-Hoc|x64 = Ad-Hoc|x64
		Ad-Hoc|x86 = Ad-Hoc|x86
		AppStore|Any CPU = AppStore|Any CPU
		AppStore|ARM = AppStore|ARM
		AppStore|iPhone = AppStore|iPhone
		AppStore|iPhoneSimulator = AppStore|iPhoneSimulator
		AppStore|x64 = AppStore|x64
		AppStore|x86 = AppStore|x86
		Debug|Any CPU = Debug|Any CPU
		Debug|ARM = Debug|ARM
		Debug|iPhone = Debug|iPhone
		Debug|iPhoneSimulator = Debug|iPhoneSimulator
		Debug|x64 = Debug|x64
		Debug|x86 = Debug|x86
		Release|Any CPU = Release|Any CPU
		Release|ARM = Release|ARM
		Release|iPhone = Release|iPhone
		Release|iPhoneSimulator = Release|iPhoneSimulator
		Release|x64 = Release|x64
		Release|x86 = Release|x86
	EndGlobalSection
	GlobalSection(ProjectConfigurationPlatforms) = postSolution
		{0DBA4594-C547-4BD3-99AE-0237685013F5}.Ad-Hoc|Any CPU.ActiveCfg = Release|Any CPU
		{0DBA4594-C547-4BD3-99AE-0237685013F5}.Ad-Hoc|Any CPU.Build.0 = Release|Any CPU
		{0DBA4594-C547-4BD3-99AE-0237685013F5}.Ad-Hoc|Any CPU.Deploy.0 = Release|Any CPU
		{0DBA4594-C547-4BD3-99AE-0237685013F5}.Ad-Hoc|ARM.ActiveCfg = Release|Any CPU
		{0DBA4594-C547-4BD3-99AE-0237685013F5}.Ad-Hoc|ARM.Build.0 = Release|Any CPU
		{0DBA4594-C547-4BD3-99AE-0237685013F5}.Ad-Hoc|ARM.Deploy.0 = Release|Any CPU
		{0DBA4594-C547-4BD3-99AE-0237685013F5}.Ad-Hoc|iPhone.ActiveCfg = Release|Any CPU
		{0DBA4594-C547-4BD3-99AE-0237685013F5}.Ad-Hoc|iPhone.Build.0 = Release|Any CPU
		{0DBA4594-C547-4BD3-99AE-0237685013F5}.Ad-Hoc|iPhone.Deploy.0 = Release|Any CPU
		{0DBA4594-C547-4BD3-99AE-0237685013F5}.Ad-Hoc|iPhoneSimulator.ActiveCfg = Release|Any CPU
		{0DBA4594-C547-4BD3-99AE-0237685013F5}.Ad-Hoc|iPhoneSimulator.Build.0 = Release|Any CPU
		{0DBA4594-C547-4BD3-99AE-0237685013F5}.Ad-Hoc|iPhoneSimulator.Deploy.0 = Release|Any CPU
		{0DBA4594-C547-4BD3-99AE-0237685013F5}.Ad-Hoc|x64.ActiveCfg = Release|Any CPU
		{0DBA4594-C547-4BD3-99AE-0237685013F5}.Ad-Hoc|x64.Build.0 = Release|Any CPU
		{0DBA4594-C547-4BD3-99AE-0237685013F5}.Ad-Hoc|x64.Deploy.0 = Release|Any CPU
		{0DBA4594-C547-4BD3-99AE-0237685013F5}.Ad-Hoc|x86.ActiveCfg = Release|Any CPU
		{0DBA4594-C547-4BD3-99AE-0237685013F5}.Ad-Hoc|x86.Build.0 = Release|Any CPU
		{0DBA4594-C547-4BD3-99AE-0237685013F5}.Ad-Hoc|x86.Deploy.0 = Release|Any CPU
		{0DBA4594-C547-4BD3-99AE-0237685013F5}.AppStore|Any CPU.ActiveCfg = Release|Any CPU
		{0DBA4594-C547-4BD3-99AE-0237685013F5}.AppStore|Any CPU.Build.0 = Release|Any CPU
		{0DBA4594-C547-4BD3-99AE-0237685013F5}.AppStore|Any CPU.Deploy.0 = Release|Any CPU
		{0DBA4594-C547-4BD3-99AE-0237685013F5}.AppStore|ARM.ActiveCfg = Release|Any CPU
		{0DBA4594-C547-4BD3-99AE-0237685013F5}.AppStore|ARM.Build.0 = Release|Any CPU
		{0DBA4594-C547-4BD3-99AE-0237685013F5}.AppStore|ARM.Deploy.0 = Release|Any CPU
		{0DBA4594-C547-4BD3-99AE-0237685013F5}.AppStore|iPhone.ActiveCfg = Release|Any CPU
		{0DBA4594-C547-4BD3-99AE-0237685013F5}.AppStore|iPhone.Build.0 = Release|Any CPU
		{0DBA4594-C547-4BD3-99AE-0237685013F5}.AppStore|iPhone.Deploy.0 = Release|Any CPU
		{0DBA4594-C547-4BD3-99AE-0237685013F5}.AppStore|iPhoneSimulator.ActiveCfg = Release|Any CPU
		{0DBA4594-C547-4BD3-99AE-0237685013F5}.AppStore|iPhoneSimulator.Build.0 = Release|Any CPU
		{0DBA4594-C547-4BD3-99AE-0237685013F5}.AppStore|iPhoneSimulator.Deploy.0 = Release|Any CPU
		{0DBA4594-C547-4BD3-99AE-0237685013F5}.AppStore|x64.ActiveCfg = Release|Any CPU
		{0DBA4594-C547-4BD3-99AE-0237685013F5}.AppStore|x64.Build.0 = Release|Any CPU
		{0DBA4594-C547-4BD3-99AE-0237685013F5}.AppStore|x64.Deploy.0 = Release|Any CPU
		{0DBA4594-C547-4BD3-99AE-0237685013F5}.AppStore|x86.ActiveCfg = Release|Any CPU
		{0DBA4594-C547-4BD3-99AE-0237685013F5}.AppStore|x86.Build.0 = Release|Any CPU
		{0DBA4594-C547-4BD3-99AE-0237685013F5}.AppStore|x86.Deploy.0 = Release|Any CPU
		{0DBA4594-C547-4BD3-99AE-0237685013F5}.Debug|Any CPU.ActiveCfg = Debug|Any CPU
		{0DBA4594-C547-4BD3-99AE-0237685013F5}.Debug|Any CPU.Build.0 = Debug|Any CPU
		{0DBA4594-C547-4BD3-99AE-0237685013F5}.Debug|Any CPU.Deploy.0 = Debug|Any CPU
		{0DBA4594-C547-4BD3-99AE-0237685013F5}.Debug|ARM.ActiveCfg = Debug|Any CPU
		{0DBA4594-C547-4BD3-99AE-0237685013F5}.Debug|ARM.Build.0 = Debug|Any CPU
		{0DBA4594-C547-4BD3-99AE-0237685013F5}.Debug|ARM.Deploy.0 = Debug|Any CPU
		{0DBA4594-C547-4BD3-99AE-0237685013F5}.Debug|iPhone.ActiveCfg = Debug|Any CPU
		{0DBA4594-C547-4BD3-99AE-0237685013F5}.Debug|iPhone.Build.0 = Debug|Any CPU
		{0DBA4594-C547-4BD3-99AE-0237685013F5}.Debug|iPhone.Deploy.0 = Debug|Any CPU
		{0DBA4594-C547-4BD3-99AE-0237685013F5}.Debug|iPhoneSimulator.ActiveCfg = Debug|Any CPU
		{0DBA4594-C547-4BD3-99AE-0237685013F5}.Debug|iPhoneSimulator.Build.0 = Debug|Any CPU
		{0DBA4594-C547-4BD3-99AE-0237685013F5}.Debug|iPhoneSimulator.Deploy.0 = Debug|Any CPU
		{0DBA4594-C547-4BD3-99AE-0237685013F5}.Debug|x64.ActiveCfg = Debug|Any CPU
		{0DBA4594-C547-4BD3-99AE-0237685013F5}.Debug|x64.Build.0 = Debug|Any CPU
		{0DBA4594-C547-4BD3-99AE-0237685013F5}.Debug|x64.Deploy.0 = Debug|Any CPU
		{0DBA4594-C547-4BD3-99AE-0237685013F5}.Debug|x86.ActiveCfg = Debug|Any CPU
		{0DBA4594-C547-4BD3-99AE-0237685013F5}.Debug|x86.Build.0 = Debug|Any CPU
		{0DBA4594-C547-4BD3-99AE-0237685013F5}.Debug|x86.Deploy.0 = Debug|Any CPU
		{0DBA4594-C547-4BD3-99AE-0237685013F5}.Release|Any CPU.ActiveCfg = Release|Any CPU
		{0DBA4594-C547-4BD3-99AE-0237685013F5}.Release|Any CPU.Build.0 = Release|Any CPU
		{0DBA4594-C547-4BD3-99AE-0237685013F5}.Release|Any CPU.Deploy.0 = Release|Any CPU
		{0DBA4594-C547-4BD3-99AE-0237685013F5}.Release|ARM.ActiveCfg = Release|Any CPU
		{0DBA4594-C547-4BD3-99AE-0237685013F5}.Release|ARM.Build.0 = Release|Any CPU
		{0DBA4594-C547-4BD3-99AE-0237685013F5}.Release|ARM.Deploy.0 = Release|Any CPU
		{0DBA4594-C547-4BD3-99AE-0237685013F5}.Release|iPhone.ActiveCfg = Release|Any CPU
		{0DBA4594-C547-4BD3-99AE-0237685013F5}.Release|iPhone.Build.0 = Release|Any CPU
		{0DBA4594-C547-4BD3-99AE-0237685013F5}.Release|iPhone.Deploy.0 = Release|Any CPU
		{0DBA4594-C547-4BD3-99AE-0237685013F5}.Release|iPhoneSimulator.ActiveCfg = Release|Any CPU
		{0DBA4594-C547-4BD3-99AE-0237685013F5}.Release|iPhoneSimulator.Build.0 = Release|Any CPU
		{0DBA4594-C547-4BD3-99AE-0237685013F5}.Release|iPhoneSimulator.Deploy.0 = Release|Any CPU
		{0DBA4594-C547-4BD3-99AE-0237685013F5}.Release|x64.ActiveCfg = Release|Any CPU
		{0DBA4594-C547-4BD3-99AE-0237685013F5}.Release|x64.Build.0 = Release|Any CPU
		{0DBA4594-C547-4BD3-99AE-0237685013F5}.Release|x64.Deploy.0 = Release|Any CPU
		{0DBA4594-C547-4BD3-99AE-0237685013F5}.Release|x86.ActiveCfg = Release|Any CPU
		{0DBA4594-C547-4BD3-99AE-0237685013F5}.Release|x86.Build.0 = Release|Any CPU
		{0DBA4594-C547-4BD3-99AE-0237685013F5}.Release|x86.Deploy.0 = Release|Any CPU
		{F1C4DBEA-9694-4E03-91D0-C04E7FCAD5B0}.Ad-Hoc|Any CPU.ActiveCfg = Ad-Hoc|iPhone
		{F1C4DBEA-9694-4E03-91D0-C04E7FCAD5B0}.Ad-Hoc|Any CPU.Build.0 = Ad-Hoc|iPhone
		{F1C4DBEA-9694-4E03-91D0-C04E7FCAD5B0}.Ad-Hoc|Any CPU.Deploy.0 = Ad-Hoc|iPhone
		{F1C4DBEA-9694-4E03-91D0-C04E7FCAD5B0}.Ad-Hoc|ARM.ActiveCfg = Ad-Hoc|iPhone
		{F1C4DBEA-9694-4E03-91D0-C04E7FCAD5B0}.Ad-Hoc|ARM.Build.0 = Ad-Hoc|iPhone
		{F1C4DBEA-9694-4E03-91D0-C04E7FCAD5B0}.Ad-Hoc|ARM.Deploy.0 = Ad-Hoc|iPhone
		{F1C4DBEA-9694-4E03-91D0-C04E7FCAD5B0}.Ad-Hoc|iPhone.ActiveCfg = Ad-Hoc|iPhone
		{F1C4DBEA-9694-4E03-91D0-C04E7FCAD5B0}.Ad-Hoc|iPhone.Build.0 = Ad-Hoc|iPhone
		{F1C4DBEA-9694-4E03-91D0-C04E7FCAD5B0}.Ad-Hoc|iPhone.Deploy.0 = Ad-Hoc|iPhone
		{F1C4DBEA-9694-4E03-91D0-C04E7FCAD5B0}.Ad-Hoc|iPhoneSimulator.ActiveCfg = Ad-Hoc|iPhoneSimulator
		{F1C4DBEA-9694-4E03-91D0-C04E7FCAD5B0}.Ad-Hoc|iPhoneSimulator.Build.0 = Ad-Hoc|iPhoneSimulator
		{F1C4DBEA-9694-4E03-91D0-C04E7FCAD5B0}.Ad-Hoc|iPhoneSimulator.Deploy.0 = Ad-Hoc|iPhoneSimulator
		{F1C4DBEA-9694-4E03-91D0-C04E7FCAD5B0}.Ad-Hoc|x64.ActiveCfg = Ad-Hoc|iPhone
		{F1C4DBEA-9694-4E03-91D0-C04E7FCAD5B0}.Ad-Hoc|x64.Build.0 = Ad-Hoc|iPhone
		{F1C4DBEA-9694-4E03-91D0-C04E7FCAD5B0}.Ad-Hoc|x64.Deploy.0 = Ad-Hoc|iPhone
		{F1C4DBEA-9694-4E03-91D0-C04E7FCAD5B0}.Ad-Hoc|x86.ActiveCfg = Ad-Hoc|iPhone
		{F1C4DBEA-9694-4E03-91D0-C04E7FCAD5B0}.Ad-Hoc|x86.Build.0 = Ad-Hoc|iPhone
		{F1C4DBEA-9694-4E03-91D0-C04E7FCAD5B0}.Ad-Hoc|x86.Deploy.0 = Ad-Hoc|iPhone
		{F1C4DBEA-9694-4E03-91D0-C04E7FCAD5B0}.AppStore|Any CPU.ActiveCfg = AppStore|iPhone
		{F1C4DBEA-9694-4E03-91D0-C04E7FCAD5B0}.AppStore|Any CPU.Build.0 = AppStore|iPhone
		{F1C4DBEA-9694-4E03-91D0-C04E7FCAD5B0}.AppStore|Any CPU.Deploy.0 = AppStore|iPhone
		{F1C4DBEA-9694-4E03-91D0-C04E7FCAD5B0}.AppStore|ARM.ActiveCfg = AppStore|iPhone
		{F1C4DBEA-9694-4E03-91D0-C04E7FCAD5B0}.AppStore|ARM.Build.0 = AppStore|iPhone
		{F1C4DBEA-9694-4E03-91D0-C04E7FCAD5B0}.AppStore|ARM.Deploy.0 = AppStore|iPhone
		{F1C4DBEA-9694-4E03-91D0-C04E7FCAD5B0}.AppStore|iPhone.ActiveCfg = AppStore|iPhone
		{F1C4DBEA-9694-4E03-91D0-C04E7FCAD5B0}.AppStore|iPhone.Build.0 = AppStore|iPhone
		{F1C4DBEA-9694-4E03-91D0-C04E7FCAD5B0}.AppStore|iPhone.Deploy.0 = AppStore|iPhone
		{F1C4DBEA-9694-4E03-91D0-C04E7FCAD5B0}.AppStore|iPhoneSimulator.ActiveCfg = AppStore|iPhoneSimulator
		{F1C4DBEA-9694-4E03-91D0-C04E7FCAD5B0}.AppStore|iPhoneSimulator.Build.0 = AppStore|iPhoneSimulator
		{F1C4DBEA-9694-4E03-91D0-C04E7FCAD5B0}.AppStore|iPhoneSimulator.Deploy.0 = AppStore|iPhoneSimulator
		{F1C4DBEA-9694-4E03-91D0-C04E7FCAD5B0}.AppStore|x64.ActiveCfg = AppStore|iPhone
		{F1C4DBEA-9694-4E03-91D0-C04E7FCAD5B0}.AppStore|x64.Build.0 = AppStore|iPhone
		{F1C4DBEA-9694-4E03-91D0-C04E7FCAD5B0}.AppStore|x64.Deploy.0 = AppStore|iPhone
		{F1C4DBEA-9694-4E03-91D0-C04E7FCAD5B0}.AppStore|x86.ActiveCfg = AppStore|iPhone
		{F1C4DBEA-9694-4E03-91D0-C04E7FCAD5B0}.AppStore|x86.Build.0 = AppStore|iPhone
		{F1C4DBEA-9694-4E03-91D0-C04E7FCAD5B0}.AppStore|x86.Deploy.0 = AppStore|iPhone
		{F1C4DBEA-9694-4E03-91D0-C04E7FCAD5B0}.Debug|Any CPU.ActiveCfg = Debug|iPhoneSimulator
		{F1C4DBEA-9694-4E03-91D0-C04E7FCAD5B0}.Debug|Any CPU.Build.0 = Debug|iPhoneSimulator
		{F1C4DBEA-9694-4E03-91D0-C04E7FCAD5B0}.Debug|Any CPU.Deploy.0 = Debug|iPhoneSimulator
		{F1C4DBEA-9694-4E03-91D0-C04E7FCAD5B0}.Debug|ARM.ActiveCfg = Debug|iPhone
		{F1C4DBEA-9694-4E03-91D0-C04E7FCAD5B0}.Debug|ARM.Build.0 = Debug|iPhone
		{F1C4DBEA-9694-4E03-91D0-C04E7FCAD5B0}.Debug|ARM.Deploy.0 = Debug|iPhone
		{F1C4DBEA-9694-4E03-91D0-C04E7FCAD5B0}.Debug|iPhone.ActiveCfg = Debug|iPhone
		{F1C4DBEA-9694-4E03-91D0-C04E7FCAD5B0}.Debug|iPhone.Build.0 = Debug|iPhone
		{F1C4DBEA-9694-4E03-91D0-C04E7FCAD5B0}.Debug|iPhone.Deploy.0 = Debug|iPhone
		{F1C4DBEA-9694-4E03-91D0-C04E7FCAD5B0}.Debug|iPhoneSimulator.ActiveCfg = Debug|iPhoneSimulator
		{F1C4DBEA-9694-4E03-91D0-C04E7FCAD5B0}.Debug|iPhoneSimulator.Build.0 = Debug|iPhoneSimulator
		{F1C4DBEA-9694-4E03-91D0-C04E7FCAD5B0}.Debug|iPhoneSimulator.Deploy.0 = Debug|iPhoneSimulator
		{F1C4DBEA-9694-4E03-91D0-C04E7FCAD5B0}.Debug|x64.ActiveCfg = Debug|iPhone
		{F1C4DBEA-9694-4E03-91D0-C04E7FCAD5B0}.Debug|x64.Build.0 = Debug|iPhone
		{F1C4DBEA-9694-4E03-91D0-C04E7FCAD5B0}.Debug|x64.Deploy.0 = Debug|iPhone
		{F1C4DBEA-9694-4E03-91D0-C04E7FCAD5B0}.Debug|x86.ActiveCfg = Debug|iPhone
		{F1C4DBEA-9694-4E03-91D0-C04E7FCAD5B0}.Debug|x86.Build.0 = Debug|iPhone
		{F1C4DBEA-9694-4E03-91D0-C04E7FCAD5B0}.Debug|x86.Deploy.0 = Debug|iPhone
		{F1C4DBEA-9694-4E03-91D0-C04E7FCAD5B0}.Release|Any CPU.ActiveCfg = Release|iPhone
		{F1C4DBEA-9694-4E03-91D0-C04E7FCAD5B0}.Release|Any CPU.Build.0 = Release|iPhone
		{F1C4DBEA-9694-4E03-91D0-C04E7FCAD5B0}.Release|Any CPU.Deploy.0 = Release|iPhone
		{F1C4DBEA-9694-4E03-91D0-C04E7FCAD5B0}.Release|ARM.ActiveCfg = Release|iPhone
		{F1C4DBEA-9694-4E03-91D0-C04E7FCAD5B0}.Release|ARM.Build.0 = Release|iPhone
		{F1C4DBEA-9694-4E03-91D0-C04E7FCAD5B0}.Release|ARM.Deploy.0 = Release|iPhone
		{F1C4DBEA-9694-4E03-91D0-C04E7FCAD5B0}.Release|iPhone.ActiveCfg = Release|iPhone
		{F1C4DBEA-9694-4E03-91D0-C04E7FCAD5B0}.Release|iPhone.Build.0 = Release|iPhone
		{F1C4DBEA-9694-4E03-91D0-C04E7FCAD5B0}.Release|iPhone.Deploy.0 = Release|iPhone
		{F1C4DBEA-9694-4E03-91D0-C04E7FCAD5B0}.Release|iPhoneSimulator.ActiveCfg = Release|iPhoneSimulator
		{F1C4DBEA-9694-4E03-91D0-C04E7FCAD5B0}.Release|iPhoneSimulator.Build.0 = Release|iPhoneSimulator
		{F1C4DBEA-9694-4E03-91D0-C04E7FCAD5B0}.Release|iPhoneSimulator.Deploy.0 = Release|iPhoneSimulator
		{F1C4DBEA-9694-4E03-91D0-C04E7FCAD5B0}.Release|x64.ActiveCfg = Release|iPhone
		{F1C4DBEA-9694-4E03-91D0-C04E7FCAD5B0}.Release|x64.Build.0 = Release|iPhone
		{F1C4DBEA-9694-4E03-91D0-C04E7FCAD5B0}.Release|x64.Deploy.0 = Release|iPhone
		{F1C4DBEA-9694-4E03-91D0-C04E7FCAD5B0}.Release|x86.ActiveCfg = Release|iPhone
		{F1C4DBEA-9694-4E03-91D0-C04E7FCAD5B0}.Release|x86.Build.0 = Release|iPhone
		{F1C4DBEA-9694-4E03-91D0-C04E7FCAD5B0}.Release|x86.Deploy.0 = Release|iPhone
	EndGlobalSection
	GlobalSection(SolutionProperties) = preSolution
		HideSolutionNode = FALSE
	EndGlobalSection
	GlobalSection(ExtensibilityGlobals) = postSolution
		SolutionGuid = {E2F0E9E8-8EC2-4C55-B074-964B25BDE12A}
	EndGlobalSection
EndGlobal
